PODS:
  - Cuckoo (1.5.1):
    - Cuckoo/Swift (= 1.5.1)
  - Cuckoo/Swift (1.5.1)
  - RxBlocking (5.1.1):
    - RxSwift (~> 5)
  - RxCocoa (5.1.1):
    - RxRelay (~> 5)
    - RxSwift (~> 5)
  - RxRelay (5.1.1):
    - RxSwift (~> 5)
  - RxSwift (5.1.1)
  - RxTest (5.1.2):
    - RxSwift (~> 5)

DEPENDENCIES:
  - Cuckoo (~> 1.5.0)
  - RxBlocking (~> 5)
  - RxCocoa (= 5.1.1)
  - RxSwift (= 5.1.1)
  - RxTest (~> 5)

SPEC REPOS:
  trunk:
    - Cuckoo
    - RxBlocking
    - RxCocoa
    - RxRelay
    - RxSwift
    - RxTest

SPEC CHECKSUMS:
  Cuckoo: 9124fe138270854903483c270370e6e7658fbc9b
  RxBlocking: 5f700a78cad61ce253ebd37c9a39b5ccc76477b4
  RxCocoa: 32065309a38d29b5b0db858819b5bf9ef038b601
  RxRelay: d77f7d771495f43c556cbc43eebd1bb54d01e8e9
  RxSwift: 81470a2074fa8780320ea5fe4102807cb7118178
  RxTest: 274549b747dca56f47c52c8991ec5cf797ecfe40

PODFILE CHECKSUM: bb5db5de97d2489a70446c73938eab3a0f65d082

COCOAPODS: 1.10.1
